
Microsoft Visual Studio Solution File, Format Version 12.00
# Visual Studio Version 17
VisualStudioVersion = 17.0.31903.59
MinimumVisualStudioVersion = 10.0.40219.1
Project("{FAE04EC0-301F-11D3-BF4B-00C04F79EFBC}") = "API", "API\API.csproj", "{6711AE43-75A2-47EC-A06B-4C9334133528}"
EndProject
Project("{FAE04EC0-301F-11D3-BF4B-00C04F79EFBC}") = "Application", "Application\Application.csproj", "{1806AB01-041F-44B6-A7BB-A4BFF2C445C1}"
EndProject
Project("{FAE04EC0-301F-11D3-BF4B-00C04F79EFBC}") = "Domain", "Domain\Domain.csproj", "{C1F4CDB9-D8EE-4A11-90C5-3EECFB6ED0B9}"
EndProject
Project("{FAE04EC0-301F-11D3-BF4B-00C04F79EFBC}") = "Persistence", "Persistence\Persistence.csproj", "{2A4B05C0-92FB-4D84-85AF-D6510A7C9112}"
EndProject
Global
	GlobalSection(SolutionConfigurationPlatforms) = preSolution
		Debug|Any CPU = Debug|Any CPU
		Release|Any CPU = Release|Any CPU
	EndGlobalSection
	GlobalSection(SolutionProperties) = preSolution
		HideSolutionNode = FALSE
	EndGlobalSection
	GlobalSection(ProjectConfigurationPlatforms) = postSolution
		{6711AE43-75A2-47EC-A06B-4C9334133528}.Debug|Any CPU.ActiveCfg = Debug|Any CPU
		{6711AE43-75A2-47EC-A06B-4C9334133528}.Debug|Any CPU.Build.0 = Debug|Any CPU
		{6711AE43-75A2-47EC-A06B-4C9334133528}.Release|Any CPU.ActiveCfg = Release|Any CPU
		{6711AE43-75A2-47EC-A06B-4C9334133528}.Release|Any CPU.Build.0 = Release|Any CPU
		{1806AB01-041F-44B6-A7BB-A4BFF2C445C1}.Debug|Any CPU.ActiveCfg = Debug|Any CPU
		{1806AB01-041F-44B6-A7BB-A4BFF2C445C1}.Debug|Any CPU.Build.0 = Debug|Any CPU
		{1806AB01-041F-44B6-A7BB-A4BFF2C445C1}.Release|Any CPU.ActiveCfg = Release|Any CPU
		{1806AB01-041F-44B6-A7BB-A4BFF2C445C1}.Release|Any CPU.Build.0 = Release|Any CPU
		{C1F4CDB9-D8EE-4A11-90C5-3EECFB6ED0B9}.Debug|Any CPU.ActiveCfg = Debug|Any CPU
		{C1F4CDB9-D8EE-4A11-90C5-3EECFB6ED0B9}.Debug|Any CPU.Build.0 = Debug|Any CPU
		{C1F4CDB9-D8EE-4A11-90C5-3EECFB6ED0B9}.Release|Any CPU.ActiveCfg = Release|Any CPU
		{C1F4CDB9-D8EE-4A11-90C5-3EECFB6ED0B9}.Release|Any CPU.Build.0 = Release|Any CPU
		{2A4B05C0-92FB-4D84-85AF-D6510A7C9112}.Debug|Any CPU.ActiveCfg = Debug|Any CPU
		{2A4B05C0-92FB-4D84-85AF-D6510A7C9112}.Debug|Any CPU.Build.0 = Debug|Any CPU
		{2A4B05C0-92FB-4D84-85AF-D6510A7C9112}.Release|Any CPU.ActiveCfg = Release|Any CPU
		{2A4B05C0-92FB-4D84-85AF-D6510A7C9112}.Release|Any CPU.Build.0 = Release|Any CPU
	EndGlobalSection
EndGlobal
